
Microsoft Visual Studio Solution File, Format Version 12.00
# Visual Studio Version 17
VisualStudioVersion = 17.0.31903.59
MinimumVisualStudioVersion = 10.0.40219.1
Project("{2150E333-8FDC-42A3-9474-1A3956D46DE8}") = "src", "src", "{827E0CD3-B72D-47B6-A68D-7590B98EB39B}"
EndProject
Project("{FAE04EC0-301F-11D3-BF4B-00C04F79EFBC}") = "ECommerce.ServiceDefaults", "src\ECommerce.ServiceDefaults\ECommerce.ServiceDefaults.csproj", "{6B42E668-A396-4FAC-BA56-A093F28ABDCA}"
EndProject
Project("{2150E333-8FDC-42A3-9474-1A3956D46DE8}") = "Shared", "Shared", "{C8E42992-5E42-0C2B-DBFE-AA848D06431C}"
EndProject
Project("{FAE04EC0-301F-11D3-BF4B-00C04F79EFBC}") = "ECommerce.Shared.Contracts", "src\Shared\ECommerce.Shared.Contracts\ECommerce.Shared.Contracts.csproj", "{C9C1D7E6-C224-4903-93A1-BD17D93863B9}"
EndProject
Project("{FAE04EC0-301F-11D3-BF4B-00C04F79EFBC}") = "ECommerce.ProductCatalog.Api", "src\ECommerce.ProductCatalog.Api\ECommerce.ProductCatalog.Api.csproj", "{641AA43A-05EA-4D70-9B19-293A10B8C3E1}"
EndProject
Project("{FAE04EC0-301F-11D3-BF4B-00C04F79EFBC}") = "ECommerce.UserManagement.Api", "src\ECommerce.UserManagement.Api\ECommerce.UserManagement.Api.csproj", "{A3C0D859-2AED-4A39-B445-B78629C9A0D3}"
EndProject
Project("{FAE04EC0-301F-11D3-BF4B-00C04F79EFBC}") = "ECommerce.Inventory.Api", "src\ECommerce.Inventory.Api\ECommerce.Inventory.Api.csproj", "{64EFEB66-9420-4A2D-A8B4-5F5AE7CC848D}"
EndProject
Project("{FAE04EC0-301F-11D3-BF4B-00C04F79EFBC}") = "ECommerce.Orders.Api", "src\ECommerce.Orders.Api\ECommerce.Orders.Api.csproj", "{B9989797-71DA-4A0A-920E-0AF77EFC959C}"
EndProject
Project("{FAE04EC0-301F-11D3-BF4B-00C04F79EFBC}") = "ECommerce.Notifications.Api", "src\ECommerce.Notifications.Api\ECommerce.Notifications.Api.csproj", "{F7A412EE-41AD-40E1-B0DF-94B1A708BFBE}"
EndProject
Project("{FAE04EC0-301F-11D3-BF4B-00C04F79EFBC}") = "ECommerce.Web", "src\ECommerce.Web\ECommerce.Web.csproj", "{40E6E15E-5223-44F4-8A8A-176B1B0B164A}"
EndProject
Project("{FAE04EC0-301F-11D3-BF4B-00C04F79EFBC}") = "ECommerce.AppHost", "src\ECommerce.AppHost\ECommerce.AppHost.csproj", "{F736B306-B2EE-4618-8F5B-E98352336B38}"
EndProject
Global
	GlobalSection(SolutionConfigurationPlatforms) = preSolution
		Debug|Any CPU = Debug|Any CPU
		Debug|x64 = Debug|x64
		Debug|x86 = Debug|x86
		Release|Any CPU = Release|Any CPU
		Release|x64 = Release|x64
		Release|x86 = Release|x86
	EndGlobalSection
	GlobalSection(ProjectConfigurationPlatforms) = postSolution
		{6B42E668-A396-4FAC-BA56-A093F28ABDCA}.Debug|Any CPU.ActiveCfg = Debug|Any CPU
		{6B42E668-A396-4FAC-BA56-A093F28ABDCA}.Debug|Any CPU.Build.0 = Debug|Any CPU
		{6B42E668-A396-4FAC-BA56-A093F28ABDCA}.Debug|x64.ActiveCfg = Debug|Any CPU
		{6B42E668-A396-4FAC-BA56-A093F28ABDCA}.Debug|x64.Build.0 = Debug|Any CPU
		{6B42E668-A396-4FAC-BA56-A093F28ABDCA}.Debug|x86.ActiveCfg = Debug|Any CPU
		{6B42E668-A396-4FAC-BA56-A093F28ABDCA}.Debug|x86.Build.0 = Debug|Any CPU
		{6B42E668-A396-4FAC-BA56-A093F28ABDCA}.Release|Any CPU.ActiveCfg = Release|Any CPU
		{6B42E668-A396-4FAC-BA56-A093F28ABDCA}.Release|Any CPU.Build.0 = Release|Any CPU
		{6B42E668-A396-4FAC-BA56-A093F28ABDCA}.Release|x64.ActiveCfg = Release|Any CPU
		{6B42E668-A396-4FAC-BA56-A093F28ABDCA}.Release|x64.Build.0 = Release|Any CPU
		{6B42E668-A396-4FAC-BA56-A093F28ABDCA}.Release|x86.ActiveCfg = Release|Any CPU
		{6B42E668-A396-4FAC-BA56-A093F28ABDCA}.Release|x86.Build.0 = Release|Any CPU
		{C9C1D7E6-C224-4903-93A1-BD17D93863B9}.Debug|Any CPU.ActiveCfg = Debug|Any CPU
		{C9C1D7E6-C224-4903-93A1-BD17D93863B9}.Debug|Any CPU.Build.0 = Debug|Any CPU
		{C9C1D7E6-C224-4903-93A1-BD17D93863B9}.Debug|x64.ActiveCfg = Debug|Any CPU
		{C9C1D7E6-C224-4903-93A1-BD17D93863B9}.Debug|x64.Build.0 = Debug|Any CPU
		{C9C1D7E6-C224-4903-93A1-BD17D93863B9}.Debug|x86.ActiveCfg = Debug|Any CPU
		{C9C1D7E6-C224-4903-93A1-BD17D93863B9}.Debug|x86.Build.0 = Debug|Any CPU
		{C9C1D7E6-C224-4903-93A1-BD17D93863B9}.Release|Any CPU.ActiveCfg = Release|Any CPU
		{C9C1D7E6-C224-4903-93A1-BD17D93863B9}.Release|Any CPU.Build.0 = Release|Any CPU
		{C9C1D7E6-C224-4903-93A1-BD17D93863B9}.Release|x64.ActiveCfg = Release|Any CPU
		{C9C1D7E6-C224-4903-93A1-BD17D93863B9}.Release|x64.Build.0 = Release|Any CPU
		{C9C1D7E6-C224-4903-93A1-BD17D93863B9}.Release|x86.ActiveCfg = Release|Any CPU
		{C9C1D7E6-C224-4903-93A1-BD17D93863B9}.Release|x86.Build.0 = Release|Any CPU
		{641AA43A-05EA-4D70-9B19-293A10B8C3E1}.Debug|Any CPU.ActiveCfg = Debug|Any CPU
		{641AA43A-05EA-4D70-9B19-293A10B8C3E1}.Debug|Any CPU.Build.0 = Debug|Any CPU
		{641AA43A-05EA-4D70-9B19-293A10B8C3E1}.Debug|x64.ActiveCfg = Debug|Any CPU
		{641AA43A-05EA-4D70-9B19-293A10B8C3E1}.Debug|x64.Build.0 = Debug|Any CPU
		{641AA43A-05EA-4D70-9B19-293A10B8C3E1}.Debug|x86.ActiveCfg = Debug|Any CPU
		{641AA43A-05EA-4D70-9B19-293A10B8C3E1}.Debug|x86.Build.0 = Debug|Any CPU
		{641AA43A-05EA-4D70-9B19-293A10B8C3E1}.Release|Any CPU.ActiveCfg = Release|Any CPU
		{641AA43A-05EA-4D70-9B19-293A10B8C3E1}.Release|Any CPU.Build.0 = Release|Any CPU
		{641AA43A-05EA-4D70-9B19-293A10B8C3E1}.Release|x64.ActiveCfg = Release|Any CPU
		{641AA43A-05EA-4D70-9B19-293A10B8C3E1}.Release|x64.Build.0 = Release|Any CPU
		{641AA43A-05EA-4D70-9B19-293A10B8C3E1}.Release|x86.ActiveCfg = Release|Any CPU
		{641AA43A-05EA-4D70-9B19-293A10B8C3E1}.Release|x86.Build.0 = Release|Any CPU
		{A3C0D859-2AED-4A39-B445-B78629C9A0D3}.Debug|Any CPU.ActiveCfg = Debug|Any CPU
		{A3C0D859-2AED-4A39-B445-B78629C9A0D3}.Debug|Any CPU.Build.0 = Debug|Any CPU
		{A3C0D859-2AED-4A39-B445-B78629C9A0D3}.Debug|x64.ActiveCfg = Debug|Any CPU
		{A3C0D859-2AED-4A39-B445-B78629C9A0D3}.Debug|x64.Build.0 = Debug|Any CPU
		{A3C0D859-2AED-4A39-B445-B78629C9A0D3}.Debug|x86.ActiveCfg = Debug|Any CPU
		{A3C0D859-2AED-4A39-B445-B78629C9A0D3}.Debug|x86.Build.0 = Debug|Any CPU
		{A3C0D859-2AED-4A39-B445-B78629C9A0D3}.Release|Any CPU.ActiveCfg = Release|Any CPU
		{A3C0D859-2AED-4A39-B445-B78629C9A0D3}.Release|Any CPU.Build.0 = Release|Any CPU
		{A3C0D859-2AED-4A39-B445-B78629C9A0D3}.Release|x64.ActiveCfg = Release|Any CPU
		{A3C0D859-2AED-4A39-B445-B78629C9A0D3}.Release|x64.Build.0 = Release|Any CPU
		{A3C0D859-2AED-4A39-B445-B78629C9A0D3}.Release|x86.ActiveCfg = Release|Any CPU
		{A3C0D859-2AED-4A39-B445-B78629C9A0D3}.Release|x86.Build.0 = Release|Any CPU
		{64EFEB66-9420-4A2D-A8B4-5F5AE7CC848D}.Debug|Any CPU.ActiveCfg = Debug|Any CPU
		{64EFEB66-9420-4A2D-A8B4-5F5AE7CC848D}.Debug|Any CPU.Build.0 = Debug|Any CPU
		{64EFEB66-9420-4A2D-A8B4-5F5AE7CC848D}.Debug|x64.ActiveCfg = Debug|Any CPU
		{64EFEB66-9420-4A2D-A8B4-5F5AE7CC848D}.Debug|x64.Build.0 = Debug|Any CPU
		{64EFEB66-9420-4A2D-A8B4-5F5AE7CC848D}.Debug|x86.ActiveCfg = Debug|Any CPU
		{64EFEB66-9420-4A2D-A8B4-5F5AE7CC848D}.Debug|x86.Build.0 = Debug|Any CPU
		{64EFEB66-9420-4A2D-A8B4-5F5AE7CC848D}.Release|Any CPU.ActiveCfg = Release|Any CPU
		{64EFEB66-9420-4A2D-A8B4-5F5AE7CC848D}.Release|Any CPU.Build.0 = Release|Any CPU
		{64EFEB66-9420-4A2D-A8B4-5F5AE7CC848D}.Release|x64.ActiveCfg = Release|Any CPU
		{64EFEB66-9420-4A2D-A8B4-5F5AE7CC848D}.Release|x64.Build.0 = Release|Any CPU
		{64EFEB66-9420-4A2D-A8B4-5F5AE7CC848D}.Release|x86.ActiveCfg = Release|Any CPU
		{64EFEB66-9420-4A2D-A8B4-5F5AE7CC848D}.Release|x86.Build.0 = Release|Any CPU
		{B9989797-71DA-4A0A-920E-0AF77EFC959C}.Debug|Any CPU.ActiveCfg = Debug|Any CPU
		{B9989797-71DA-4A0A-920E-0AF77EFC959C}.Debug|Any CPU.Build.0 = Debug|Any CPU
		{B9989797-71DA-4A0A-920E-0AF77EFC959C}.Debug|x64.ActiveCfg = Debug|Any CPU
		{B9989797-71DA-4A0A-920E-0AF77EFC959C}.Debug|x64.Build.0 = Debug|Any CPU
		{B9989797-71DA-4A0A-920E-0AF77EFC959C}.Debug|x86.ActiveCfg = Debug|Any CPU
		{B9989797-71DA-4A0A-920E-0AF77EFC959C}.Debug|x86.Build.0 = Debug|Any CPU
		{B9989797-71DA-4A0A-920E-0AF77EFC959C}.Release|Any CPU.ActiveCfg = Release|Any CPU
		{B9989797-71DA-4A0A-920E-0AF77EFC959C}.Release|Any CPU.Build.0 = Release|Any CPU
		{B9989797-71DA-4A0A-920E-0AF77EFC959C}.Release|x64.ActiveCfg = Release|Any CPU
		{B9989797-71DA-4A0A-920E-0AF77EFC959C}.Release|x64.Build.0 = Release|Any CPU
		{B9989797-71DA-4A0A-920E-0AF77EFC959C}.Release|x86.ActiveCfg = Release|Any CPU
		{B9989797-71DA-4A0A-920E-0AF77EFC959C}.Release|x86.Build.0 = Release|Any CPU
		{F7A412EE-41AD-40E1-B0DF-94B1A708BFBE}.Debug|Any CPU.ActiveCfg = Debug|Any CPU
		{F7A412EE-41AD-40E1-B0DF-94B1A708BFBE}.Debug|Any CPU.Build.0 = Debug|Any CPU
		{F7A412EE-41AD-40E1-B0DF-94B1A708BFBE}.Debug|x64.ActiveCfg = Debug|Any CPU
		{F7A412EE-41AD-40E1-B0DF-94B1A708BFBE}.Debug|x64.Build.0 = Debug|Any CPU
		{F7A412EE-41AD-40E1-B0DF-94B1A708BFBE}.Debug|x86.ActiveCfg = Debug|Any CPU
		{F7A412EE-41AD-40E1-B0DF-94B1A708BFBE}.Debug|x86.Build.0 = Debug|Any CPU
		{F7A412EE-41AD-40E1-B0DF-94B1A708BFBE}.Release|Any CPU.ActiveCfg = Release|Any CPU
		{F7A412EE-41AD-40E1-B0DF-94B1A708BFBE}.Release|Any CPU.Build.0 = Release|Any CPU
		{F7A412EE-41AD-40E1-B0DF-94B1A708BFBE}.Release|x64.ActiveCfg = Release|Any CPU
		{F7A412EE-41AD-40E1-B0DF-94B1A708BFBE}.Release|x64.Build.0 = Release|Any CPU
		{F7A412EE-41AD-40E1-B0DF-94B1A708BFBE}.Release|x86.ActiveCfg = Release|Any CPU
		{F7A412EE-41AD-40E1-B0DF-94B1A708BFBE}.Release|x86.Build.0 = Release|Any CPU
		{40E6E15E-5223-44F4-8A8A-176B1B0B164A}.Debug|Any CPU.ActiveCfg = Debug|Any CPU
		{40E6E15E-5223-44F4-8A8A-176B1B0B164A}.Debug|Any CPU.Build.0 = Debug|Any CPU
		{40E6E15E-5223-44F4-8A8A-176B1B0B164A}.Debug|x64.ActiveCfg = Debug|Any CPU
		{40E6E15E-5223-44F4-8A8A-176B1B0B164A}.Debug|x64.Build.0 = Debug|Any CPU
		{40E6E15E-5223-44F4-8A8A-176B1B0B164A}.Debug|x86.ActiveCfg = Debug|Any CPU
		{40E6E15E-5223-44F4-8A8A-176B1B0B164A}.Debug|x86.Build.0 = Debug|Any CPU
		{40E6E15E-5223-44F4-8A8A-176B1B0B164A}.Release|Any CPU.ActiveCfg = Release|Any CPU
		{40E6E15E-5223-44F4-8A8A-176B1B0B164A}.Release|Any CPU.Build.0 = Release|Any CPU
		{40E6E15E-5223-44F4-8A8A-176B1B0B164A}.Release|x64.ActiveCfg = Release|Any CPU
		{40E6E15E-5223-44F4-8A8A-176B1B0B164A}.Release|x64.Build.0 = Release|Any CPU
		{40E6E15E-5223-44F4-8A8A-176B1B0B164A}.Release|x86.ActiveCfg = Release|Any CPU
		{40E6E15E-5223-44F4-8A8A-176B1B0B164A}.Release|x86.Build.0 = Release|Any CPU
		{F736B306-B2EE-4618-8F5B-E98352336B38}.Debug|Any CPU.ActiveCfg = Debug|Any CPU
		{F736B306-B2EE-4618-8F5B-E98352336B38}.Debug|Any CPU.Build.0 = Debug|Any CPU
		{F736B306-B2EE-4618-8F5B-E98352336B38}.Debug|x64.ActiveCfg = Debug|Any CPU
		{F736B306-B2EE-4618-8F5B-E98352336B38}.Debug|x64.Build.0 = Debug|Any CPU
		{F736B306-B2EE-4618-8F5B-E98352336B38}.Debug|x86.ActiveCfg = Debug|Any CPU
		{F736B306-B2EE-4618-8F5B-E98352336B38}.Debug|x86.Build.0 = Debug|Any CPU
		{F736B306-B2EE-4618-8F5B-E98352336B38}.Release|Any CPU.ActiveCfg = Release|Any CPU
		{F736B306-B2EE-4618-8F5B-E98352336B38}.Release|Any CPU.Build.0 = Release|Any CPU
		{F736B306-B2EE-4618-8F5B-E98352336B38}.Release|x64.ActiveCfg = Release|Any CPU
		{F736B306-B2EE-4618-8F5B-E98352336B38}.Release|x64.Build.0 = Release|Any CPU
		{F736B306-B2EE-4618-8F5B-E98352336B38}.Release|x86.ActiveCfg = Release|Any CPU
		{F736B306-B2EE-4618-8F5B-E98352336B38}.Release|x86.Build.0 = Release|Any CPU
	EndGlobalSection
	GlobalSection(SolutionProperties) = preSolution
		HideSolutionNode = FALSE
	EndGlobalSection
	GlobalSection(NestedProjects) = preSolution
		{6B42E668-A396-4FAC-BA56-A093F28ABDCA} = {827E0CD3-B72D-47B6-A68D-7590B98EB39B}
		{C8E42992-5E42-0C2B-DBFE-AA848D06431C} = {827E0CD3-B72D-47B6-A68D-7590B98EB39B}
		{C9C1D7E6-C224-4903-93A1-BD17D93863B9} = {C8E42992-5E42-0C2B-DBFE-AA848D06431C}
		{641AA43A-05EA-4D70-9B19-293A10B8C3E1} = {827E0CD3-B72D-47B6-A68D-7590B98EB39B}
		{A3C0D859-2AED-4A39-B445-B78629C9A0D3} = {827E0CD3-B72D-47B6-A68D-7590B98EB39B}
		{64EFEB66-9420-4A2D-A8B4-5F5AE7CC848D} = {827E0CD3-B72D-47B6-A68D-7590B98EB39B}
		{B9989797-71DA-4A0A-920E-0AF77EFC959C} = {827E0CD3-B72D-47B6-A68D-7590B98EB39B}
		{F7A412EE-41AD-40E1-B0DF-94B1A708BFBE} = {827E0CD3-B72D-47B6-A68D-7590B98EB39B}
		{40E6E15E-5223-44F4-8A8A-176B1B0B164A} = {827E0CD3-B72D-47B6-A68D-7590B98EB39B}
		{F736B306-B2EE-4618-8F5B-E98352336B38} = {827E0CD3-B72D-47B6-A68D-7590B98EB39B}
	EndGlobalSection
EndGlobal
